
Microsoft Visual Studio Solution File, Format Version 12.00
Project("{FAE04EC0-301F-11D3-BF4B-00C04F79EFBC}") = "WebAuthMVC.Presentation", "WebAuthMVC.Presentation\WebAuthMVC.Presentation.csproj", "{3C8BF5BC-8723-4172-94D7-4E9FE6C3B224}"
EndProject
Project("{FAE04EC0-301F-11D3-BF4B-00C04F79EFBC}") = "WebAuthMVC.DAL", "WebAuthMVC.DAL\WebAuthMVC.DAL.csproj", "{97911E76-33B4-453D-8480-EEFCBA183CB0}"
EndProject
Project("{FAE04EC0-301F-11D3-BF4B-00C04F79EFBC}") = "WebAuthMVC.BLL", "WebAuthMVC.BLL\WebAuthMVC.BLL.csproj", "{56A064E7-F706-45C3-BFF5-6B504266525E}"
EndProject
Global
	GlobalSection(SolutionConfigurationPlatforms) = preSolution
		Debug|Any CPU = Debug|Any CPU
		Release|Any CPU = Release|Any CPU
	EndGlobalSection
	GlobalSection(ProjectConfigurationPlatforms) = postSolution
		{3C8BF5BC-8723-4172-94D7-4E9FE6C3B224}.Debug|Any CPU.ActiveCfg = Debug|Any CPU
		{3C8BF5BC-8723-4172-94D7-4E9FE6C3B224}.Debug|Any CPU.Build.0 = Debug|Any CPU
		{3C8BF5BC-8723-4172-94D7-4E9FE6C3B224}.Release|Any CPU.ActiveCfg = Release|Any CPU
		{3C8BF5BC-8723-4172-94D7-4E9FE6C3B224}.Release|Any CPU.Build.0 = Release|Any CPU
		{97911E76-33B4-453D-8480-EEFCBA183CB0}.Debug|Any CPU.ActiveCfg = Debug|Any CPU
		{97911E76-33B4-453D-8480-EEFCBA183CB0}.Debug|Any CPU.Build.0 = Debug|Any CPU
		{97911E76-33B4-453D-8480-EEFCBA183CB0}.Release|Any CPU.ActiveCfg = Release|Any CPU
		{97911E76-33B4-453D-8480-EEFCBA183CB0}.Release|Any CPU.Build.0 = Release|Any CPU
		{56A064E7-F706-45C3-BFF5-6B504266525E}.Debug|Any CPU.ActiveCfg = Debug|Any CPU
		{56A064E7-F706-45C3-BFF5-6B504266525E}.Debug|Any CPU.Build.0 = Debug|Any CPU
		{56A064E7-F706-45C3-BFF5-6B504266525E}.Release|Any CPU.ActiveCfg = Release|Any CPU
		{56A064E7-F706-45C3-BFF5-6B504266525E}.Release|Any CPU.Build.0 = Release|Any CPU
	EndGlobalSection
EndGlobal
